github.com/gen2brain/raylib-go v0.0.0-20200504161950-7ab77a47307b h1:9ohp/Bw+lbuv/oo756g4Niv0rfUL21JEBfzW2rK6whg=
github.com/gen2brain/raylib-go v0.0.0-20200504161950-7ab77a47307b/go.mod h1:LUVRDQbnxUaOgzLzW5lMS+IcbqlXHIqIA9wq8wxzmcA=
github.com/gorilla/websocket v1.4.2 h1:+/TMaTYc4QFitKJxsQ7Yye35DkWvkdLcvGKqM+x0Ufc=
github.com/gorilla/websocket v1.4.2/go.mod h1:YR8l580nyteQvAITg2hZ9XVh4b55+EU/adAjf1fMHhE=
